
Microsoft Visual Studio Solution File, Format Version 12.00
# Visual Studio Version 17
VisualStudioVersion = 17.5.33424.131
MinimumVisualStudioVersion = 10.0.40219.1
Project("{FAE04EC0-301F-11D3-BF4B-00C04F79EFBC}") = "BattleShip2077", "BattleShip2077.csproj", "{4E2C7211-4BF5-41E1-BD88-9FA0D6958687}"
EndProject
Global
	GlobalSection(SolutionConfigurationPlatforms) = preSolution
		Debug|Any CPU = Debug|Any CPU
		Release|Any CPU = Release|Any CPU
	EndGlobalSection
	GlobalSection(ProjectConfigurationPlatforms) = postSolution
		{4E2C7211-4BF5-41E1-BD88-9FA0D6958687}.Debug|Any CPU.ActiveCfg = Debug|Any CPU
		{4E2C7211-4BF5-41E1-BD88-9FA0D6958687}.Debug|Any CPU.Build.0 = Debug|Any CPU
		{4E2C7211-4BF5-41E1-BD88-9FA0D6958687}.Release|Any CPU.ActiveCfg = Release|Any CPU
		{4E2C7211-4BF5-41E1-BD88-9FA0D6958687}.Release|Any CPU.Build.0 = Release|Any CPU
	EndGlobalSection
	GlobalSection(SolutionProperties) = preSolution
		HideSolutionNode = FALSE
	EndGlobalSection
	GlobalSection(ExtensibilityGlobals) = postSolution
		SolutionGuid = {02F3B564-BF7A-4509-9C23-84EF52F0B4AA}
	EndGlobalSection
EndGlobal
